// !$*UTF8*$!
{
	archiveVersion = 1;
	classes = {
	};
	objectVersion = 46;
	objects = {

/* Begin PBXBuildFile section */
		41D290FC1D080A7B004CAE4C /* WeatherTableViewController.m in Sources */ = {isa = PBXBuildFile; fileRef = 41D290FB1D080A7B004CAE4C /* WeatherTableViewController.m */; };
		41D8E4581D07D9D7001BD5EA /* main.m in Sources */ = {isa = PBXBuildFile; fileRef = 41D8E4571D07D9D7001BD5EA /* main.m */; };
		41D8E45B1D07D9D7001BD5EA /* AppDelegate.m in Sources */ = {isa = PBXBuildFile; fileRef = 41D8E45A1D07D9D7001BD5EA /* AppDelegate.m */; };
		41D8E45E1D07D9D7001BD5EA /* ViewController.m in Sources */ = {isa = PBXBuildFile; fileRef = 41D8E45D1D07D9D7001BD5EA /* ViewController.m */; };
		41D8E4611D07D9D7001BD5EA /* Main.storyboard in Resources */ = {isa = PBXBuildFile; fileRef = 41D8E45F1D07D9D7001BD5EA /* Main.storyboard */; };
		41D8E4631D07D9D7001BD5EA /* Assets.xcassets in Resources */ = {isa = PBXBuildFile; fileRef = 41D8E4621D07D9D7001BD5EA /* Assets.xcassets */; };
		41D8E4661D07D9D7001BD5EA /* LaunchScreen.storyboard in Resources */ = {isa = PBXBuildFile; fileRef = 41D8E4641D07D9D7001BD5EA /* LaunchScreen.storyboard */; };
		41D8E4711D07D9D8001BD5EA /* CustomTableTests.m in Sources */ = {isa = PBXBuildFile; fileRef = 41D8E4701D07D9D8001BD5EA /* CustomTableTests.m */; };
		41D8E47C1D07D9D8001BD5EA /* CustomTableUITests.m in Sources */ = {isa = PBXBuildFile; fileRef = 41D8E47B1D07D9D8001BD5EA /* CustomTableUITests.m */; };
		41D8E48B1D07DB3D001BD5EA /* SettingTableViewController.m in Sources */ = {isa = PBXBuildFile; fileRef = 41D8E48A1D07DB3D001BD5EA /* SettingTableViewController.m */; };
		41D8E48E1D07DEE0001BD5EA /* SettingTableViewCell.m in Sources */ = {isa = PBXBuildFile; fileRef = 41D8E48D1D07DEE0001BD5EA /* SettingTableViewCell.m */; };
		41D8E4911D07F0A4001BD5EA /* DataCenter.m in Sources */ = {isa = PBXBuildFile; fileRef = 41D8E4901D07F0A4001BD5EA /* DataCenter.m */; };
/* End PBXBuildFile section */

/* Begin PBXContainerItemProxy section */
		41D8E46D1D07D9D8001BD5EA /* PBXContainerItemProxy */ = {
			isa = PBXContainerItemProxy;
			containerPortal = 41D8E44B1D07D9D7001BD5EA /* Project object */;
			proxyType = 1;
			remoteGlobalIDString = 41D8E4521D07D9D7001BD5EA;
			remoteInfo = CustomTable;
		};
		41D8E4781D07D9D8001BD5EA /* PBXContainerItemProxy */ = {
			isa = PBXContainerItemProxy;
			containerPortal = 41D8E44B1D07D9D7001BD5EA /* Project object */;
			proxyType = 1;
			remoteGlobalIDString = 41D8E4521D07D9D7001BD5EA;
			remoteInfo = CustomTable;
		};
/* End PBXContainerItemProxy section */

/* Begin PBXFileReference section */
		41D290FA1D080A7B004CAE4C /* WeatherTableViewController.h */ = {isa = PBXFileReference; fileEncoding = 4; lastKnownFileType = sourcecode.c.h; path = WeatherTableViewController.h; sourceTree = "<group>"; };
		41D290FB1D080A7B004CAE4C /* WeatherTableViewController.m */ = {isa = PBXFileReference; fileEncoding = 4; lastKnownFileType = sourcecode.c.objc; path = WeatherTableViewController.m; sourceTree = "<group>"; };
		41D8E4531D07D9D7001BD5EA /* CustomTable.app */ = {isa = PBXFileReference; explicitFileType = wrapper.application; includeInIndex = 0; path = CustomTable.app; sourceTree = BUILT_PRODUCTS_DIR; };
		41D8E4571D07D9D7001BD5EA /* main.m */ = {isa = PBXFileReference; lastKnownFileType = sourcecode.c.objc; path = main.m; sourceTree = "<group>"; };
		41D8E4591D07D9D7001BD5EA /* AppDelegate.h */ = {isa = PBXFileReference; lastKnownFileType = sourcecode.c.h; path = AppDelegate.h; sourceTree = "<group>"; };
		41D8E45A1D07D9D7001BD5EA /* AppDelegate.m */ = {isa = PBXFileReference; lastKnownFileType = sourcecode.c.objc; path = AppDelegate.m; sourceTree = "<group>"; };
		41D8E45C1D07D9D7001BD5EA /* ViewController.h */ = {isa = PBXFileReference; lastKnownFileType = sourcecode.c.h; path = ViewController.h; sourceTree = "<group>"; };
		41D8E45D1D07D9D7001BD5EA /* ViewController.m */ = {isa = PBXFileReference; lastKnownFileType = sourcecode.c.objc; path = ViewController.m; sourceTree = "<group>"; };
		41D8E4601D07D9D7001BD5EA /* Base */ = {isa = PBXFileReference; lastKnownFileType = file.storyboard; name = Base; path = Base.lproj/Main.storyboard; sourceTree = "<group>"; };
		41D8E4621D07D9D7001BD5EA /* Assets.xcassets */ = {isa = PBXFileReference; lastKnownFileType = folder.assetcatalog; path = Assets.xcassets; sourceTree = "<group>"; };
		41D8E4651D07D9D7001BD5EA /* Base */ = {isa = PBXFileReference; lastKnownFileType = file.storyboard; name = Base; path = Base.lproj/LaunchScreen.storyboard; sourceTree = "<group>"; };
		41D8E4671D07D9D7001BD5EA /* Info.plist */ = {isa = PBXFileReference; lastKnownFileType = text.plist.xml; path = Info.plist; sourceTree = "<group>"; };
		41D8E46C1D07D9D8001BD5EA /* CustomTableTests.xctest */ = {isa = PBXFileReference; explicitFileType = wrapper.cfbundle; includeInIndex = 0; path = CustomTableTests.xctest; sourceTree = BUILT_PRODUCTS_DIR; };
		41D8E4701D07D9D8001BD5EA /* CustomTableTests.m */ = {isa = PBXFileReference; lastKnownFileType = sourcecode.c.objc; path = CustomTableTests.m; sourceTree = "<group>"; };
		41D8E4721D07D9D8001BD5EA /* Info.plist */ = {isa = PBXFileReference; lastKnownFileType = text.plist.xml; path = Info.plist; sourceTree = "<group>"; };
		41D8E4771D07D9D8001BD5EA /* CustomTableUITests.xctest */ = {isa = PBXFileReference; explicitFileType = wrapper.cfbundle; includeInIndex = 0; path = CustomTableUITests.xctest; sourceTree = BUILT_PRODUCTS_DIR; };
		41D8E47B1D07D9D8001BD5EA /* CustomTableUITests.m */ = {isa = PBXFileReference; lastKnownFileType = sourcecode.c.objc; path = CustomTableUITests.m; sourceTree = "<group>"; };
		41D8E47D1D07D9D8001BD5EA /* Info.plist */ = {isa = PBXFileReference; lastKnownFileType = text.plist.xml; path = Info.plist; sourceTree = "<group>"; };
		41D8E4891D07DB3D001BD5EA /* SettingTableViewController.h */ = {isa = PBXFileReference; fileEncoding = 4; lastKnownFileType = sourcecode.c.h; path = SettingTableViewController.h; sourceTree = "<group>"; };
		41D8E48A1D07DB3D001BD5EA /* SettingTableViewController.m */ = {isa = PBXFileReference; fileEncoding = 4; lastKnownFileType = sourcecode.c.objc; path = SettingTableViewController.m; sourceTree = "<group>"; };
		41D8E48C1D07DEE0001BD5EA /* SettingTableViewCell.h */ = {isa = PBXFileReference; fileEncoding = 4; lastKnownFileType = sourcecode.c.h; path = SettingTableViewCell.h; sourceTree = "<group>"; };
		41D8E48D1D07DEE0001BD5EA /* SettingTableViewCell.m */ = {isa = PBXFileReference; fileEncoding = 4; lastKnownFileType = sourcecode.c.objc; path = SettingTableViewCell.m; sourceTree = "<group>"; };
		41D8E48F1D07F0A4001BD5EA /* DataCenter.h */ = {isa = PBXFileReference; fileEncoding = 4; lastKnownFileType = sourcecode.c.h; path = DataCenter.h; sourceTree = "<group>"; };
		41D8E4901D07F0A4001BD5EA /* DataCenter.m */ = {isa = PBXFileReference; fileEncoding = 4; lastKnownFileType = sourcecode.c.objc; path = DataCenter.m; sourceTree = "<group>"; };
/* End PBXFileReference section */

/* Begin PBXFrameworksBuildPhase section */
		41D8E4501D07D9D7001BD5EA /* Frameworks */ = {
			isa = PBXFrameworksBuildPhase;
			buildActionMask = 2147483647;
			files = (
			);
			runOnlyForDeploymentPostprocessing = 0;
		};
		41D8E4691D07D9D8001BD5EA /* Frameworks */ = {
			isa = PBXFrameworksBuildPhase;
			buildActionMask = 2147483647;
			files = (
			);
			runOnlyForDeploymentPostprocessing = 0;
		};
		41D8E4741D07D9D8001BD5EA /* Frameworks */ = {
			isa = PBXFrameworksBuildPhase;
			buildActionMask = 2147483647;
			files = (
			);
			runOnlyForDeploymentPostprocessing = 0;
		};
/* End PBXFrameworksBuildPhase section */

/* Begin PBXGroup section */
		41D8E44A1D07D9D7001BD5EA = {
			isa = PBXGroup;
			children = (
				41D8E4551D07D9D7001BD5EA /* CustomTable */,
				41D8E46F1D07D9D8001BD5EA /* CustomTableTests */,
				41D8E47A1D07D9D8001BD5EA /* CustomTableUITests */,
				41D8E4541D07D9D7001BD5EA /* Products */,
			);
			sourceTree = "<group>";
		};
		41D8E4541D07D9D7001BD5EA /* Products */ = {
			isa = PBXGroup;
			children = (
				41D8E4531D07D9D7001BD5EA /* CustomTable.app */,
				41D8E46C1D07D9D8001BD5EA /* CustomTableTests.xctest */,
				41D8E4771D07D9D8001BD5EA /* CustomTableUITests.xctest */,
			);
			name = Products;
			sourceTree = "<group>";
		};
		41D8E4551D07D9D7001BD5EA /* CustomTable */ = {
			isa = PBXGroup;
			children = (
				41D8E4591D07D9D7001BD5EA /* AppDelegate.h */,
				41D8E45A1D07D9D7001BD5EA /* AppDelegate.m */,
				41D8E45C1D07D9D7001BD5EA /* ViewController.h */,
				41D8E45D1D07D9D7001BD5EA /* ViewController.m */,
				41D8E45F1D07D9D7001BD5EA /* Main.storyboard */,
				41D8E4891D07DB3D001BD5EA /* SettingTableViewController.h */,
				41D8E48A1D07DB3D001BD5EA /* SettingTableViewController.m */,
				41D290FA1D080A7B004CAE4C /* WeatherTableViewController.h */,
				41D290FB1D080A7B004CAE4C /* WeatherTableViewController.m */,
				41D8E48C1D07DEE0001BD5EA /* SettingTableViewCell.h */,
				41D8E48D1D07DEE0001BD5EA /* SettingTableViewCell.m */,
				41D8E48F1D07F0A4001BD5EA /* DataCenter.h */,
				41D8E4901D07F0A4001BD5EA /* DataCenter.m */,
				41D8E4621D07D9D7001BD5EA /* Assets.xcassets */,
				41D8E4641D07D9D7001BD5EA /* LaunchScreen.storyboard */,
				41D8E4671D07D9D7001BD5EA /* Info.plist */,
				41D8E4561D07D9D7001BD5EA /* Supporting Files */,
			);
			path = CustomTable;
			sourceTree = "<group>";
		};
		41D8E4561D07D9D7001BD5EA /* Supporting Files */ = {
			isa = PBXGroup;
			children = (
				41D8E4571D07D9D7001BD5EA /* main.m */,
			);
			name = "Supporting Files";
			sourceTree = "<group>";
		};
		41D8E46F1D07D9D8001BD5EA /* CustomTableTests */ = {
			isa = PBXGroup;
			children = (
				41D8E4701D07D9D8001BD5EA /* CustomTableTests.m */,
				41D8E4721D07D9D8001BD5EA /* Info.plist */,
			);
			path = CustomTableTests;
			sourceTree = "<group>";
		};
		41D8E47A1D07D9D8001BD5EA /* CustomTableUITests */ = {
			isa = PBXGroup;
			children = (
				41D8E47B1D07D9D8001BD5EA /* CustomTableUITests.m */,
				41D8E47D1D07D9D8001BD5EA /* Info.plist */,
			);
			path = CustomTableUITests;
			sourceTree = "<group>";
		};
/* End PBXGroup section */

/* Begin PBXNativeTarget section */
		41D8E4521D07D9D7001BD5EA /* CustomTable */ = {
			isa = PBXNativeTarget;
			buildConfigurationList = 41D8E4801D07D9D8001BD5EA /* Build configuration list for PBXNativeTarget "CustomTable" */;
			buildPhases = (
				41D8E44F1D07D9D7001BD5EA /* Sources */,
				41D8E4501D07D9D7001BD5EA /* Frameworks */,
				41D8E4511D07D9D7001BD5EA /* Resources */,
			);
			buildRules = (
			);
			dependencies = (
			);
			name = CustomTable;
			productName = CustomTable;
			productReference = 41D8E4531D07D9D7001BD5EA /* CustomTable.app */;
			productType = "com.apple.product-type.application";
		};
		41D8E46B1D07D9D8001BD5EA /* CustomTableTests */ = {
			isa = PBXNativeTarget;
			buildConfigurationList = 41D8E4831D07D9D8001BD5EA /* Build configuration list for PBXNativeTarget "CustomTableTests" */;
			buildPhases = (
				41D8E4681D07D9D8001BD5EA /* Sources */,
				41D8E4691D07D9D8001BD5EA /* Frameworks */,
				41D8E46A1D07D9D8001BD5EA /* Resources */,
			);
			buildRules = (
			);
			dependencies = (
				41D8E46E1D07D9D8001BD5EA /* PBXTargetDependency */,
			);
			name = CustomTableTests;
			productName = CustomTableTests;
			productReference = 41D8E46C1D07D9D8001BD5EA /* CustomTableTests.xctest */;
			productType = "com.apple.product-type.bundle.unit-test";
		};
		41D8E4761D07D9D8001BD5EA /* CustomTableUITests */ = {
			isa = PBXNativeTarget;
			buildConfigurationList = 41D8E4861D07D9D8001BD5EA /* Build configuration list for PBXNativeTarget "CustomTableUITests" */;
			buildPhases = (
				41D8E4731D07D9D8001BD5EA /* Sources */,
				41D8E4741D07D9D8001BD5EA /* Frameworks */,
				41D8E4751D07D9D8001BD5EA /* Resources */,
			);
			buildRules = (
			);
			dependencies = (
				41D8E4791D07D9D8001BD5EA /* PBXTargetDependency */,
			);
			name = CustomTableUITests;
			productName = CustomTableUITests;
			productReference = 41D8E4771D07D9D8001BD5EA /* CustomTableUITests.xctest */;
			productType = "com.apple.product-type.bundle.ui-testing";
		};
/* End PBXNativeTarget section */

/* Begin PBXProject section */
		41D8E44B1D07D9D7001BD5EA /* Project object */ = {
			isa = PBXProject;
			attributes = {
				LastUpgradeCheck = 0730;
				ORGANIZATIONNAME = "EK Lee";
				TargetAttributes = {
					41D8E4521D07D9D7001BD5EA = {
						CreatedOnToolsVersion = 7.3.1;
					};
					41D8E46B1D07D9D8001BD5EA = {
						CreatedOnToolsVersion = 7.3.1;
						TestTargetID = 41D8E4521D07D9D7001BD5EA;
					};
					41D8E4761D07D9D8001BD5EA = {
						CreatedOnToolsVersion = 7.3.1;
						TestTargetID = 41D8E4521D07D9D7001BD5EA;
					};
				};
			};
			buildConfigurationList = 41D8E44E1D07D9D7001BD5EA /* Build configuration list for PBXProject "CustomTable" */;
			compatibilityVersion = "Xcode 3.2";
			developmentRegion = English;
			hasScannedForEncodings = 0;
			knownRegions = (
				en,
				Base,
			);
			mainGroup = 41D8E44A1D07D9D7001BD5EA;
			productRefGroup = 41D8E4541D07D9D7001BD5EA /* Products */;
			projectDirPath = "";
			projectRoot = "";
			targets = (
				41D8E4521D07D9D7001BD5EA /* CustomTable */,
				41D8E46B1D07D9D8001BD5EA /* CustomTableTests */,
				41D8E4761D07D9D8001BD5EA /* CustomTableUITests */,
			);
		};
/* End PBXProject section */

/* Begin PBXResourcesBuildPhase section */
		41D8E4511D07D9D7001BD5EA /* Resources */ = {
			isa = PBXResourcesBuildPhase;
			buildActionMask = 2147483647;
			files = (
				41D8E4661D07D9D7001BD5EA /* LaunchScreen.storyboard in Resources */,
				41D8E4631D07D9D7001BD5EA /* Assets.xcassets in Resources */,
				41D8E4611D07D9D7001BD5EA /* Main.storyboard in Resources */,
			);
			runOnlyForDeploymentPostprocessing = 0;
		};
		41D8E46A1D07D9D8001BD5EA /* Resources */ = {
			isa = PBXResourcesBuildPhase;
			buildActionMask = 2147483647;
			files = (
			);
			runOnlyForDeploymentPostprocessing = 0;
		};
		41D8E4751D07D9D8001BD5EA /* Resources */ = {
			isa = PBXResourcesBuildPhase;
			buildActionMask = 2147483647;
			files = (
			);
			runOnlyForDeploymentPostprocessing = 0;
		};
/* End PBXResourcesBuildPhase section */

/* Begin PBXSourcesBuildPhase section */
		41D8E44F1D07D9D7001BD5EA /* Sources */ = {
			isa = PBXSourcesBuildPhase;
			buildActionMask = 2147483647;
			files = (
				41D8E48E1D07DEE0001BD5EA /* SettingTableViewCell.m in Sources */,
				41D8E48B1D07DB3D001BD5EA /* SettingTableViewController.m in Sources */,
				41D8E45E1D07D9D7001BD5EA /* ViewController.m in Sources */,
				41D8E45B1D07D9D7001BD5EA /* AppDelegate.m in Sources */,
				41D8E4911D07F0A4001BD5EA /* DataCenter.m in Sources */,
				41D8E4581D07D9D7001BD5EA /* main.m in Sources */,
				41D290FC1D080A7B004CAE4C /* WeatherTableViewController.m in Sources */,
			);
			runOnlyForDeploymentPostprocessing = 0;
		};
		41D8E4681D07D9D8001BD5EA /* Sources */ = {
			isa = PBXSourcesBuildPhase;
			buildActionMask = 2147483647;
			files = (
				41D8E4711D07D9D8001BD5EA /* CustomTableTests.m in Sources */,
			);
			runOnlyForDeploymentPostprocessing = 0;
		};
		41D8E4731D07D9D8001BD5EA /* Sources */ = {
			isa = PBXSourcesBuildPhase;
			buildActionMask = 2147483647;
			files = (
				41D8E47C1D07D9D8001BD5EA /* CustomTableUITests.m in Sources */,
			);
			runOnlyForDeploymentPostprocessing = 0;
		};
/* End PBXSourcesBuildPhase section */

/* Begin PBXTargetDependency section */
		41D8E46E1D07D9D8001BD5EA /* PBXTargetDependency */ = {
			isa = PBXTargetDependency;
			target = 41D8E4521D07D9D7001BD5EA /* CustomTable */;
			targetProxy = 41D8E46D1D07D9D8001BD5EA /* PBXContainerItemProxy */;
		};
		41D8E4791D07D9D8001BD5EA /* PBXTargetDependency */ = {
			isa = PBXTargetDependency;
			target = 41D8E4521D07D9D7001BD5EA /* CustomTable */;
			targetProxy = 41D8E4781D07D9D8001BD5EA /* PBXContainerItemProxy */;
		};
/* End PBXTargetDependency section */

/* Begin PBXVariantGroup section */
		41D8E45F1D07D9D7001BD5EA /* Main.storyboard */ = {
			isa = PBXVariantGroup;
			children = (
				41D8E4601D07D9D7001BD5EA /* Base */,
			);
			name = Main.storyboard;
			sourceTree = "<group>";
		};
		41D8E4641D07D9D7001BD5EA /* LaunchScreen.storyboard */ = {
			isa = PBXVariantGroup;
			children = (
				41D8E4651D07D9D7001BD5EA /* Base */,
			);
			name = LaunchScreen.storyboard;
			sourceTree = "<group>";
		};
/* End PBXVariantGroup section */

/* Begin XCBuildConfiguration section */
		41D8E47E1D07D9D8001BD5EA /* Debug */ = {
			isa = XCBuildConfiguration;
			buildSettings = {
				ALWAYS_SEARCH_USER_PATHS = NO;
				CLANG_ANALYZER_NONNULL = YES;
				CLANG_CXX_LANGUAGE_STANDARD = "gnu++0x";
				CLANG_CXX_LIBRARY = "libc++";
				CLANG_ENABLE_MODULES = YES;
				CLANG_ENABLE_OBJC_ARC = YES;
				CLANG_WARN_BOOL_CONVERSION = YES;
				CLANG_WARN_CONSTANT_CONVERSION = YES;
				CLANG_WARN_DIRECT_OBJC_ISA_USAGE = YES_ERROR;
				CLANG_WARN_EMPTY_BODY = YES;
				CLANG_WARN_ENUM_CONVERSION = YES;
				CLANG_WARN_INT_CONVERSION = YES;
				CLANG_WARN_OBJC_ROOT_CLASS = YES_ERROR;
				CLANG_WARN_UNREACHABLE_CODE = YES;
				CLANG_WARN__DUPLICATE_METHOD_MATCH = YES;
				"CODE_SIGN_IDENTITY[sdk=iphoneos*]" = "iPhone Developer";
				COPY_PHASE_STRIP = NO;
				DEBUG_INFORMATION_FORMAT = dwarf;
				ENABLE_STRICT_OBJC_MSGSEND = YES;
				ENABLE_TESTABILITY = YES;
				GCC_C_LANGUAGE_STANDARD = gnu99;
				GCC_DYNAMIC_NO_PIC = NO;
				GCC_NO_COMMON_BLOCKS = YES;
				GCC_OPTIMIZATION_LEVEL = 0;
				GCC_PREPROCESSOR_DEFINITIONS = (
					"DEBUG=1",
					"$(inherited)",
				);
				GCC_WARN_64_TO_32_BIT_CONVERSION = YES;
				GCC_WARN_ABOUT_RETURN_TYPE = YES_ERROR;
				GCC_WARN_UNDECLARED_SELECTOR = YES;
				GCC_WARN_UNINITIALIZED_AUTOS = YES_AGGRESSIVE;
				GCC_WARN_UNUSED_FUNCTION = YES;
				GCC_WARN_UNUSED_VARIABLE = YES;
				IPHONEOS_DEPLOYMENT_TARGET = 9.3;
				MTL_ENABLE_DEBUG_INFO = YES;
				ONLY_ACTIVE_ARCH = YES;
				SDKROOT = iphoneos;
			};
			name = Debug;
		};
		41D8E47F1D07D9D8001BD5EA /* Release */ = {
			isa = XCBuildConfiguration;
			buildSettings = {
				ALWAYS_SEARCH_USER_PATHS = NO;
				CLANG_ANALYZER_NONNULL = YES;
				CLANG_CXX_LANGUAGE_STANDARD = "gnu++0x";
				CLANG_CXX_LIBRARY = "libc++";
				CLANG_ENABLE_MODULES = YES;
				CLANG_ENABLE_OBJC_ARC = YES;
				CLANG_WARN_BOOL_CONVERSION = YES;
				CLANG_WARN_CONSTANT_CONVERSION = YES;
				CLANG_WARN_DIRECT_OBJC_ISA_USAGE = YES_ERROR;
				CLANG_WARN_EMPTY_BODY = YES;
				CLANG_WARN_ENUM_CONVERSION = YES;
				CLANG_WARN_INT_CONVERSION = YES;
				CLANG_WARN_OBJC_ROOT_CLASS = YES_ERROR;
				CLANG_WARN_UNREACHABLE_CODE = YES;
				CLANG_WARN__DUPLICATE_METHOD_MATCH = YES;
				"CODE_SIGN_IDENTITY[sdk=iphoneos*]" = "iPhone Developer";
				COPY_PHASE_STRIP = NO;
				DEBUG_INFORMATION_FORMAT = "dwarf-with-dsym";
				ENABLE_NS_ASSERTIONS = NO;
				ENABLE_STRICT_OBJC_MSGSEND = YES;
				GCC_C_LANGUAGE_STANDARD = gnu99;
				GCC_NO_COMMON_BLOCKS = YES;
				GCC_WARN_64_TO_32_BIT_CONVERSION = YES;
				GCC_WARN_ABOUT_RETURN_TYPE = YES_ERROR;
				GCC_WARN_UNDECLARED_SELECTOR = YES;
				GCC_WARN_UNINITIALIZED_AUTOS = YES_AGGRESSIVE;
				GCC_WARN_UNUSED_FUNCTION = YES;
				GCC_WARN_UNUSED_VARIABLE = YES;
				IPHONEOS_DEPLOYMENT_TARGET = 9.3;
				MTL_ENABLE_DEBUG_INFO = NO;
				SDKROOT = iphoneos;
				VALIDATE_PRODUCT = YES;
			};
			name = Release;
		};
		41D8E4811D07D9D8001BD5EA /* Debug */ = {
			isa = XCBuildConfiguration;
			buildSettings = {
				ASSETCATALOG_COMPILER_APPICON_NAME = AppIcon;
				INFOPLIST_FILE = CustomTable/Info.plist;
				LD_RUNPATH_SEARCH_PATHS = "$(inherited) @executable_path/Frameworks";
				PRODUCT_BUNDLE_IDENTIFIER = com.lee.CustomTable;
				PRODUCT_NAME = "$(TARGET_NAME)";
			};
			name = Debug;
		};
		41D8E4821D07D9D8001BD5EA /* Release */ = {
			isa = XCBuildConfiguration;
			buildSettings = {
				ASSETCATALOG_COMPILER_APPICON_NAME = AppIcon;
				INFOPLIST_FILE = CustomTable/Info.plist;
				LD_RUNPATH_SEARCH_PATHS = "$(inherited) @executable_path/Frameworks";
				PRODUCT_BUNDLE_IDENTIFIER = com.lee.CustomTable;
				PRODUCT_NAME = "$(TARGET_NAME)";
			};
			name = Release;
		};
		41D8E4841D07D9D8001BD5EA /* Debug */ = {
			isa = XCBuildConfiguration;
			buildSettings = {
				BUNDLE_LOADER = "$(TEST_HOST)";
				INFOPLIST_FILE = CustomTableTests/Info.plist;
				LD_RUNPATH_SEARCH_PATHS = "$(inherited) @executable_path/Frameworks @loader_path/Frameworks";
				PRODUCT_BUNDLE_IDENTIFIER = com.lee.CustomTableTests;
				PRODUCT_NAME = "$(TARGET_NAME)";
				TEST_HOST = "$(BUILT_PRODUCTS_DIR)/CustomTable.app/CustomTable";
			};
			name = Debug;
		};
		41D8E4851D07D9D8001BD5EA /* Release */ = {
			isa = XCBuildConfiguration;
			buildSettings = {
				BUNDLE_LOADER = "$(TEST_HOST)";
				INFOPLIST_FILE = CustomTableTests/Info.plist;
				LD_RUNPATH_SEARCH_PATHS = "$(inherited) @executable_path/Frameworks @loader_path/Frameworks";
				PRODUCT_BUNDLE_IDENTIFIER = com.lee.CustomTableTests;
				PRODUCT_NAME = "$(TARGET_NAME)";
				TEST_HOST = "$(BUILT_PRODUCTS_DIR)/CustomTable.app/CustomTable";
			};
			name = Release;
		};
		41D8E4871D07D9D8001BD5EA /* Debug */ = {
			isa = XCBuildConfiguration;
			buildSettings = {
				INFOPLIST_FILE = CustomTableUITests/Info.plist;
				LD_RUNPATH_SEARCH_PATHS = "$(inherited) @executable_path/Frameworks @loader_path/Frameworks";
				PRODUCT_BUNDLE_IDENTIFIER = com.lee.CustomTableUITests;
				PRODUCT_NAME = "$(TARGET_NAME)";
				TEST_TARGET_NAME = CustomTable;
			};
			name = Debug;
		};
		41D8E4881D07D9D8001BD5EA /* Release */ = {
			isa = XCBuildConfiguration;
			buildSettings = {
				INFOPLIST_FILE = CustomTableUITests/Info.plist;
				LD_RUNPATH_SEARCH_PATHS = "$(inherited) @executable_path/Frameworks @loader_path/Frameworks";
				PRODUCT_BUNDLE_IDENTIFIER = com.lee.CustomTableUITests;
				PRODUCT_NAME = "$(TARGET_NAME)";
				TEST_TARGET_NAME = CustomTable;
			};
			name = Release;
		};
/* End XCBuildConfiguration section */

/* Begin XCConfigurationList section */
		41D8E44E1D07D9D7001BD5EA /* Build configuration list for PBXProject "CustomTable" */ = {
			isa = XCConfigurationList;
			buildConfigurations = (
				41D8E47E1D07D9D8001BD5EA /* Debug */,
				41D8E47F1D07D9D8001BD5EA /* Release */,
			);
			defaultConfigurationIsVisible = 0;
			defaultConfigurationName = Release;
		};
		41D8E4801D07D9D8001BD5EA /* Build configuration list for PBXNativeTarget "CustomTable" */ = {
			isa = XCConfigurationList;
			buildConfigurations = (
				41D8E4811D07D9D8001BD5EA /* Debug */,
				41D8E4821D07D9D8001BD5EA /* Release */,
			);
			defaultConfigurationIsVisible = 0;
			defaultConfigurationName = Release;
		};
		41D8E4831D07D9D8001BD5EA /* Build configuration list for PBXNativeTarget "CustomTableTests" */ = {
			isa = XCConfigurationList;
			buildConfigurations = (
				41D8E4841D07D9D8001BD5EA /* Debug */,
				41D8E4851D07D9D8001BD5EA /* Release */,
			);
			defaultConfigurationIsVisible = 0;
			defaultConfigurationName = Release;
		};
		41D8E4861D07D9D8001BD5EA /* Build configuration list for PBXNativeTarget "CustomTableUITests" */ = {
			isa = XCConfigurationList;
			buildConfigurations = (
				41D8E4871D07D9D8001BD5EA /* Debug */,
				41D8E4881D07D9D8001BD5EA /* Release */,
			);
			defaultConfigurationIsVisible = 0;
			defaultConfigurationName = Release;
		};
/* End XCConfigurationList section */
	};
	rootObject = 41D8E44B1D07D9D7001BD5EA /* Project object */;
}
