// !$*UTF8*$!
{
	archiveVersion = 1;
	classes = {
	};
	objectVersion = 46;
	objects = {

/* Begin PBXBuildFile section */
		416A0EEC1CF42159005BC893 /* main.m in Sources */ = {isa = PBXBuildFile; fileRef = 416A0EEB1CF42159005BC893 /* main.m */; };
		416A0EEF1CF42159005BC893 /* AppDelegate.m in Sources */ = {isa = PBXBuildFile; fileRef = 416A0EEE1CF42159005BC893 /* AppDelegate.m */; };
		416A0EF21CF42159005BC893 /* ViewController.m in Sources */ = {isa = PBXBuildFile; fileRef = 416A0EF11CF42159005BC893 /* ViewController.m */; };
		416A0EF51CF42159005BC893 /* Main.storyboard in Resources */ = {isa = PBXBuildFile; fileRef = 416A0EF31CF42159005BC893 /* Main.storyboard */; };
		416A0EF71CF42159005BC893 /* Assets.xcassets in Resources */ = {isa = PBXBuildFile; fileRef = 416A0EF61CF42159005BC893 /* Assets.xcassets */; };
		416A0EFA1CF42159005BC893 /* LaunchScreen.storyboard in Resources */ = {isa = PBXBuildFile; fileRef = 416A0EF81CF42159005BC893 /* LaunchScreen.storyboard */; };
		416A0F051CF42159005BC893 /* UIViewExample2Tests.m in Sources */ = {isa = PBXBuildFile; fileRef = 416A0F041CF42159005BC893 /* UIViewExample2Tests.m */; };
		416A0F101CF42159005BC893 /* UIViewExample2UITests.m in Sources */ = {isa = PBXBuildFile; fileRef = 416A0F0F1CF42159005BC893 /* UIViewExample2UITests.m */; };
/* End PBXBuildFile section */

/* Begin PBXContainerItemProxy section */
		416A0F011CF42159005BC893 /* PBXContainerItemProxy */ = {
			isa = PBXContainerItemProxy;
			containerPortal = 416A0EDF1CF42159005BC893 /* Project object */;
			proxyType = 1;
			remoteGlobalIDString = 416A0EE61CF42159005BC893;
			remoteInfo = UIViewExample2;
		};
		416A0F0C1CF42159005BC893 /* PBXContainerItemProxy */ = {
			isa = PBXContainerItemProxy;
			containerPortal = 416A0EDF1CF42159005BC893 /* Project object */;
			proxyType = 1;
			remoteGlobalIDString = 416A0EE61CF42159005BC893;
			remoteInfo = UIViewExample2;
		};
/* End PBXContainerItemProxy section */

/* Begin PBXFileReference section */
		416A0EE71CF42159005BC893 /* UIViewExample2.app */ = {isa = PBXFileReference; explicitFileType = wrapper.application; includeInIndex = 0; path = UIViewExample2.app; sourceTree = BUILT_PRODUCTS_DIR; };
		416A0EEB1CF42159005BC893 /* main.m */ = {isa = PBXFileReference; lastKnownFileType = sourcecode.c.objc; path = main.m; sourceTree = "<group>"; };
		416A0EED1CF42159005BC893 /* AppDelegate.h */ = {isa = PBXFileReference; lastKnownFileType = sourcecode.c.h; path = AppDelegate.h; sourceTree = "<group>"; };
		416A0EEE1CF42159005BC893 /* AppDelegate.m */ = {isa = PBXFileReference; lastKnownFileType = sourcecode.c.objc; path = AppDelegate.m; sourceTree = "<group>"; };
		416A0EF01CF42159005BC893 /* ViewController.h */ = {isa = PBXFileReference; lastKnownFileType = sourcecode.c.h; path = ViewController.h; sourceTree = "<group>"; };
		416A0EF11CF42159005BC893 /* ViewController.m */ = {isa = PBXFileReference; lastKnownFileType = sourcecode.c.objc; path = ViewController.m; sourceTree = "<group>"; };
		416A0EF41CF42159005BC893 /* Base */ = {isa = PBXFileReference; lastKnownFileType = file.storyboard; name = Base; path = Base.lproj/Main.storyboard; sourceTree = "<group>"; };
		416A0EF61CF42159005BC893 /* Assets.xcassets */ = {isa = PBXFileReference; lastKnownFileType = folder.assetcatalog; path = Assets.xcassets; sourceTree = "<group>"; };
		416A0EF91CF42159005BC893 /* Base */ = {isa = PBXFileReference; lastKnownFileType = file.storyboard; name = Base; path = Base.lproj/LaunchScreen.storyboard; sourceTree = "<group>"; };
		416A0EFB1CF42159005BC893 /* Info.plist */ = {isa = PBXFileReference; lastKnownFileType = text.plist.xml; path = Info.plist; sourceTree = "<group>"; };
		416A0F001CF42159005BC893 /* UIViewExample2Tests.xctest */ = {isa = PBXFileReference; explicitFileType = wrapper.cfbundle; includeInIndex = 0; path = UIViewExample2Tests.xctest; sourceTree = BUILT_PRODUCTS_DIR; };
		416A0F041CF42159005BC893 /* UIViewExample2Tests.m */ = {isa = PBXFileReference; lastKnownFileType = sourcecode.c.objc; path = UIViewExample2Tests.m; sourceTree = "<group>"; };
		416A0F061CF42159005BC893 /* Info.plist */ = {isa = PBXFileReference; lastKnownFileType = text.plist.xml; path = Info.plist; sourceTree = "<group>"; };
		416A0F0B1CF42159005BC893 /* UIViewExample2UITests.xctest */ = {isa = PBXFileReference; explicitFileType = wrapper.cfbundle; includeInIndex = 0; path = UIViewExample2UITests.xctest; sourceTree = BUILT_PRODUCTS_DIR; };
		416A0F0F1CF42159005BC893 /* UIViewExample2UITests.m */ = {isa = PBXFileReference; lastKnownFileType = sourcecode.c.objc; path = UIViewExample2UITests.m; sourceTree = "<group>"; };
		416A0F111CF42159005BC893 /* Info.plist */ = {isa = PBXFileReference; lastKnownFileType = text.plist.xml; path = Info.plist; sourceTree = "<group>"; };
/* End PBXFileReference section */

/* Begin PBXFrameworksBuildPhase section */
		416A0EE41CF42159005BC893 /* Frameworks */ = {
			isa = PBXFrameworksBuildPhase;
			buildActionMask = 2147483647;
			files = (
			);
			runOnlyForDeploymentPostprocessing = 0;
		};
		416A0EFD1CF42159005BC893 /* Frameworks */ = {
			isa = PBXFrameworksBuildPhase;
			buildActionMask = 2147483647;
			files = (
			);
			runOnlyForDeploymentPostprocessing = 0;
		};
		416A0F081CF42159005BC893 /* Frameworks */ = {
			isa = PBXFrameworksBuildPhase;
			buildActionMask = 2147483647;
			files = (
			);
			runOnlyForDeploymentPostprocessing = 0;
		};
/* End PBXFrameworksBuildPhase section */

/* Begin PBXGroup section */
		416A0EDE1CF42159005BC893 = {
			isa = PBXGroup;
			children = (
				416A0EE91CF42159005BC893 /* UIViewExample2 */,
				416A0F031CF42159005BC893 /* UIViewExample2Tests */,
				416A0F0E1CF42159005BC893 /* UIViewExample2UITests */,
				416A0EE81CF42159005BC893 /* Products */,
			);
			sourceTree = "<group>";
		};
		416A0EE81CF42159005BC893 /* Products */ = {
			isa = PBXGroup;
			children = (
				416A0EE71CF42159005BC893 /* UIViewExample2.app */,
				416A0F001CF42159005BC893 /* UIViewExample2Tests.xctest */,
				416A0F0B1CF42159005BC893 /* UIViewExample2UITests.xctest */,
			);
			name = Products;
			sourceTree = "<group>";
		};
		416A0EE91CF42159005BC893 /* UIViewExample2 */ = {
			isa = PBXGroup;
			children = (
				416A0EED1CF42159005BC893 /* AppDelegate.h */,
				416A0EEE1CF42159005BC893 /* AppDelegate.m */,
				416A0EF01CF42159005BC893 /* ViewController.h */,
				416A0EF11CF42159005BC893 /* ViewController.m */,
				416A0EF31CF42159005BC893 /* Main.storyboard */,
				416A0EF61CF42159005BC893 /* Assets.xcassets */,
				416A0EF81CF42159005BC893 /* LaunchScreen.storyboard */,
				416A0EFB1CF42159005BC893 /* Info.plist */,
				416A0EEA1CF42159005BC893 /* Supporting Files */,
			);
			path = UIViewExample2;
			sourceTree = "<group>";
		};
		416A0EEA1CF42159005BC893 /* Supporting Files */ = {
			isa = PBXGroup;
			children = (
				416A0EEB1CF42159005BC893 /* main.m */,
			);
			name = "Supporting Files";
			sourceTree = "<group>";
		};
		416A0F031CF42159005BC893 /* UIViewExample2Tests */ = {
			isa = PBXGroup;
			children = (
				416A0F041CF42159005BC893 /* UIViewExample2Tests.m */,
				416A0F061CF42159005BC893 /* Info.plist */,
			);
			path = UIViewExample2Tests;
			sourceTree = "<group>";
		};
		416A0F0E1CF42159005BC893 /* UIViewExample2UITests */ = {
			isa = PBXGroup;
			children = (
				416A0F0F1CF42159005BC893 /* UIViewExample2UITests.m */,
				416A0F111CF42159005BC893 /* Info.plist */,
			);
			path = UIViewExample2UITests;
			sourceTree = "<group>";
		};
/* End PBXGroup section */

/* Begin PBXNativeTarget section */
		416A0EE61CF42159005BC893 /* UIViewExample2 */ = {
			isa = PBXNativeTarget;
			buildConfigurationList = 416A0F141CF42159005BC893 /* Build configuration list for PBXNativeTarget "UIViewExample2" */;
			buildPhases = (
				416A0EE31CF42159005BC893 /* Sources */,
				416A0EE41CF42159005BC893 /* Frameworks */,
				416A0EE51CF42159005BC893 /* Resources */,
			);
			buildRules = (
			);
			dependencies = (
			);
			name = UIViewExample2;
			productName = UIViewExample2;
			productReference = 416A0EE71CF42159005BC893 /* UIViewExample2.app */;
			productType = "com.apple.product-type.application";
		};
		416A0EFF1CF42159005BC893 /* UIViewExample2Tests */ = {
			isa = PBXNativeTarget;
			buildConfigurationList = 416A0F171CF42159005BC893 /* Build configuration list for PBXNativeTarget "UIViewExample2Tests" */;
			buildPhases = (
				416A0EFC1CF42159005BC893 /* Sources */,
				416A0EFD1CF42159005BC893 /* Frameworks */,
				416A0EFE1CF42159005BC893 /* Resources */,
			);
			buildRules = (
			);
			dependencies = (
				416A0F021CF42159005BC893 /* PBXTargetDependency */,
			);
			name = UIViewExample2Tests;
			productName = UIViewExample2Tests;
			productReference = 416A0F001CF42159005BC893 /* UIViewExample2Tests.xctest */;
			productType = "com.apple.product-type.bundle.unit-test";
		};
		416A0F0A1CF42159005BC893 /* UIViewExample2UITests */ = {
			isa = PBXNativeTarget;
			buildConfigurationList = 416A0F1A1CF42159005BC893 /* Build configuration list for PBXNativeTarget "UIViewExample2UITests" */;
			buildPhases = (
				416A0F071CF42159005BC893 /* Sources */,
				416A0F081CF42159005BC893 /* Frameworks */,
				416A0F091CF42159005BC893 /* Resources */,
			);
			buildRules = (
			);
			dependencies = (
				416A0F0D1CF42159005BC893 /* PBXTargetDependency */,
			);
			name = UIViewExample2UITests;
			productName = UIViewExample2UITests;
			productReference = 416A0F0B1CF42159005BC893 /* UIViewExample2UITests.xctest */;
			productType = "com.apple.product-type.bundle.ui-testing";
		};
/* End PBXNativeTarget section */

/* Begin PBXProject section */
		416A0EDF1CF42159005BC893 /* Project object */ = {
			isa = PBXProject;
			attributes = {
				LastUpgradeCheck = 0730;
				ORGANIZATIONNAME = "EK Lee";
				TargetAttributes = {
					416A0EE61CF42159005BC893 = {
						CreatedOnToolsVersion = 7.3;
					};
					416A0EFF1CF42159005BC893 = {
						CreatedOnToolsVersion = 7.3;
						TestTargetID = 416A0EE61CF42159005BC893;
					};
					416A0F0A1CF42159005BC893 = {
						CreatedOnToolsVersion = 7.3;
						TestTargetID = 416A0EE61CF42159005BC893;
					};
				};
			};
			buildConfigurationList = 416A0EE21CF42159005BC893 /* Build configuration list for PBXProject "UIViewExample2" */;
			compatibilityVersion = "Xcode 3.2";
			developmentRegion = English;
			hasScannedForEncodings = 0;
			knownRegions = (
				en,
				Base,
			);
			mainGroup = 416A0EDE1CF42159005BC893;
			productRefGroup = 416A0EE81CF42159005BC893 /* Products */;
			projectDirPath = "";
			projectRoot = "";
			targets = (
				416A0EE61CF42159005BC893 /* UIViewExample2 */,
				416A0EFF1CF42159005BC893 /* UIViewExample2Tests */,
				416A0F0A1CF42159005BC893 /* UIViewExample2UITests */,
			);
		};
/* End PBXProject section */

/* Begin PBXResourcesBuildPhase section */
		416A0EE51CF42159005BC893 /* Resources */ = {
			isa = PBXResourcesBuildPhase;
			buildActionMask = 2147483647;
			files = (
				416A0EFA1CF42159005BC893 /* LaunchScreen.storyboard in Resources */,
				416A0EF71CF42159005BC893 /* Assets.xcassets in Resources */,
				416A0EF51CF42159005BC893 /* Main.storyboard in Resources */,
			);
			runOnlyForDeploymentPostprocessing = 0;
		};
		416A0EFE1CF42159005BC893 /* Resources */ = {
			isa = PBXResourcesBuildPhase;
			buildActionMask = 2147483647;
			files = (
			);
			runOnlyForDeploymentPostprocessing = 0;
		};
		416A0F091CF42159005BC893 /* Resources */ = {
			isa = PBXResourcesBuildPhase;
			buildActionMask = 2147483647;
			files = (
			);
			runOnlyForDeploymentPostprocessing = 0;
		};
/* End PBXResourcesBuildPhase section */

/* Begin PBXSourcesBuildPhase section */
		416A0EE31CF42159005BC893 /* Sources */ = {
			isa = PBXSourcesBuildPhase;
			buildActionMask = 2147483647;
			files = (
				416A0EF21CF42159005BC893 /* ViewController.m in Sources */,
				416A0EEF1CF42159005BC893 /* AppDelegate.m in Sources */,
				416A0EEC1CF42159005BC893 /* main.m in Sources */,
			);
			runOnlyForDeploymentPostprocessing = 0;
		};
		416A0EFC1CF42159005BC893 /* Sources */ = {
			isa = PBXSourcesBuildPhase;
			buildActionMask = 2147483647;
			files = (
				416A0F051CF42159005BC893 /* UIViewExample2Tests.m in Sources */,
			);
			runOnlyForDeploymentPostprocessing = 0;
		};
		416A0F071CF42159005BC893 /* Sources */ = {
			isa = PBXSourcesBuildPhase;
			buildActionMask = 2147483647;
			files = (
				416A0F101CF42159005BC893 /* UIViewExample2UITests.m in Sources */,
			);
			runOnlyForDeploymentPostprocessing = 0;
		};
/* End PBXSourcesBuildPhase section */

/* Begin PBXTargetDependency section */
		416A0F021CF42159005BC893 /* PBXTargetDependency */ = {
			isa = PBXTargetDependency;
			target = 416A0EE61CF42159005BC893 /* UIViewExample2 */;
			targetProxy = 416A0F011CF42159005BC893 /* PBXContainerItemProxy */;
		};
		416A0F0D1CF42159005BC893 /* PBXTargetDependency */ = {
			isa = PBXTargetDependency;
			target = 416A0EE61CF42159005BC893 /* UIViewExample2 */;
			targetProxy = 416A0F0C1CF42159005BC893 /* PBXContainerItemProxy */;
		};
/* End PBXTargetDependency section */

/* Begin PBXVariantGroup section */
		416A0EF31CF42159005BC893 /* Main.storyboard */ = {
			isa = PBXVariantGroup;
			children = (
				416A0EF41CF42159005BC893 /* Base */,
			);
			name = Main.storyboard;
			sourceTree = "<group>";
		};
		416A0EF81CF42159005BC893 /* LaunchScreen.storyboard */ = {
			isa = PBXVariantGroup;
			children = (
				416A0EF91CF42159005BC893 /* Base */,
			);
			name = LaunchScreen.storyboard;
			sourceTree = "<group>";
		};
/* End PBXVariantGroup section */

/* Begin XCBuildConfiguration section */
		416A0F121CF42159005BC893 /* Debug */ = {
			isa = XCBuildConfiguration;
			buildSettings = {
				ALWAYS_SEARCH_USER_PATHS = NO;
				CLANG_ANALYZER_NONNULL = YES;
				CLANG_CXX_LANGUAGE_STANDARD = "gnu++0x";
				CLANG_CXX_LIBRARY = "libc++";
				CLANG_ENABLE_MODULES = YES;
				CLANG_ENABLE_OBJC_ARC = YES;
				CLANG_WARN_BOOL_CONVERSION = YES;
				CLANG_WARN_CONSTANT_CONVERSION = YES;
				CLANG_WARN_DIRECT_OBJC_ISA_USAGE = YES_ERROR;
				CLANG_WARN_EMPTY_BODY = YES;
				CLANG_WARN_ENUM_CONVERSION = YES;
				CLANG_WARN_INT_CONVERSION = YES;
				CLANG_WARN_OBJC_ROOT_CLASS = YES_ERROR;
				CLANG_WARN_UNREACHABLE_CODE = YES;
				CLANG_WARN__DUPLICATE_METHOD_MATCH = YES;
				"CODE_SIGN_IDENTITY[sdk=iphoneos*]" = "iPhone Developer";
				COPY_PHASE_STRIP = NO;
				DEBUG_INFORMATION_FORMAT = dwarf;
				ENABLE_STRICT_OBJC_MSGSEND = YES;
				ENABLE_TESTABILITY = YES;
				GCC_C_LANGUAGE_STANDARD = gnu99;
				GCC_DYNAMIC_NO_PIC = NO;
				GCC_NO_COMMON_BLOCKS = YES;
				GCC_OPTIMIZATION_LEVEL = 0;
				GCC_PREPROCESSOR_DEFINITIONS = (
					"DEBUG=1",
					"$(inherited)",
				);
				GCC_WARN_64_TO_32_BIT_CONVERSION = YES;
				GCC_WARN_ABOUT_RETURN_TYPE = YES_ERROR;
				GCC_WARN_UNDECLARED_SELECTOR = YES;
				GCC_WARN_UNINITIALIZED_AUTOS = YES_AGGRESSIVE;
				GCC_WARN_UNUSED_FUNCTION = YES;
				GCC_WARN_UNUSED_VARIABLE = YES;
				IPHONEOS_DEPLOYMENT_TARGET = 9.3;
				MTL_ENABLE_DEBUG_INFO = YES;
				ONLY_ACTIVE_ARCH = YES;
				SDKROOT = iphoneos;
			};
			name = Debug;
		};
		416A0F131CF42159005BC893 /* Release */ = {
			isa = XCBuildConfiguration;
			buildSettings = {
				ALWAYS_SEARCH_USER_PATHS = NO;
				CLANG_ANALYZER_NONNULL = YES;
				CLANG_CXX_LANGUAGE_STANDARD = "gnu++0x";
				CLANG_CXX_LIBRARY = "libc++";
				CLANG_ENABLE_MODULES = YES;
				CLANG_ENABLE_OBJC_ARC = YES;
				CLANG_WARN_BOOL_CONVERSION = YES;
				CLANG_WARN_CONSTANT_CONVERSION = YES;
				CLANG_WARN_DIRECT_OBJC_ISA_USAGE = YES_ERROR;
				CLANG_WARN_EMPTY_BODY = YES;
				CLANG_WARN_ENUM_CONVERSION = YES;
				CLANG_WARN_INT_CONVERSION = YES;
				CLANG_WARN_OBJC_ROOT_CLASS = YES_ERROR;
				CLANG_WARN_UNREACHABLE_CODE = YES;
				CLANG_WARN__DUPLICATE_METHOD_MATCH = YES;
				"CODE_SIGN_IDENTITY[sdk=iphoneos*]" = "iPhone Developer";
				COPY_PHASE_STRIP = NO;
				DEBUG_INFORMATION_FORMAT = "dwarf-with-dsym";
				ENABLE_NS_ASSERTIONS = NO;
				ENABLE_STRICT_OBJC_MSGSEND = YES;
				GCC_C_LANGUAGE_STANDARD = gnu99;
				GCC_NO_COMMON_BLOCKS = YES;
				GCC_WARN_64_TO_32_BIT_CONVERSION = YES;
				GCC_WARN_ABOUT_RETURN_TYPE = YES_ERROR;
				GCC_WARN_UNDECLARED_SELECTOR = YES;
				GCC_WARN_UNINITIALIZED_AUTOS = YES_AGGRESSIVE;
				GCC_WARN_UNUSED_FUNCTION = YES;
				GCC_WARN_UNUSED_VARIABLE = YES;
				IPHONEOS_DEPLOYMENT_TARGET = 9.3;
				MTL_ENABLE_DEBUG_INFO = NO;
				SDKROOT = iphoneos;
				VALIDATE_PRODUCT = YES;
			};
			name = Release;
		};
		416A0F151CF42159005BC893 /* Debug */ = {
			isa = XCBuildConfiguration;
			buildSettings = {
				ASSETCATALOG_COMPILER_APPICON_NAME = AppIcon;
				INFOPLIST_FILE = UIViewExample2/Info.plist;
				LD_RUNPATH_SEARCH_PATHS = "$(inherited) @executable_path/Frameworks";
				PRODUCT_BUNDLE_IDENTIFIER = com.lee.UIViewExample2;
				PRODUCT_NAME = "$(TARGET_NAME)";
			};
			name = Debug;
		};
		416A0F161CF42159005BC893 /* Release */ = {
			isa = XCBuildConfiguration;
			buildSettings = {
				ASSETCATALOG_COMPILER_APPICON_NAME = AppIcon;
				INFOPLIST_FILE = UIViewExample2/Info.plist;
				LD_RUNPATH_SEARCH_PATHS = "$(inherited) @executable_path/Frameworks";
				PRODUCT_BUNDLE_IDENTIFIER = com.lee.UIViewExample2;
				PRODUCT_NAME = "$(TARGET_NAME)";
			};
			name = Release;
		};
		416A0F181CF42159005BC893 /* Debug */ = {
			isa = XCBuildConfiguration;
			buildSettings = {
				BUNDLE_LOADER = "$(TEST_HOST)";
				INFOPLIST_FILE = UIViewExample2Tests/Info.plist;
				LD_RUNPATH_SEARCH_PATHS = "$(inherited) @executable_path/Frameworks @loader_path/Frameworks";
				PRODUCT_BUNDLE_IDENTIFIER = com.lee.UIViewExample2Tests;
				PRODUCT_NAME = "$(TARGET_NAME)";
				TEST_HOST = "$(BUILT_PRODUCTS_DIR)/UIViewExample2.app/UIViewExample2";
			};
			name = Debug;
		};
		416A0F191CF42159005BC893 /* Release */ = {
			isa = XCBuildConfiguration;
			buildSettings = {
				BUNDLE_LOADER = "$(TEST_HOST)";
				INFOPLIST_FILE = UIViewExample2Tests/Info.plist;
				LD_RUNPATH_SEARCH_PATHS = "$(inherited) @executable_path/Frameworks @loader_path/Frameworks";
				PRODUCT_BUNDLE_IDENTIFIER = com.lee.UIViewExample2Tests;
				PRODUCT_NAME = "$(TARGET_NAME)";
				TEST_HOST = "$(BUILT_PRODUCTS_DIR)/UIViewExample2.app/UIViewExample2";
			};
			name = Release;
		};
		416A0F1B1CF42159005BC893 /* Debug */ = {
			isa = XCBuildConfiguration;
			buildSettings = {
				INFOPLIST_FILE = UIViewExample2UITests/Info.plist;
				LD_RUNPATH_SEARCH_PATHS = "$(inherited) @executable_path/Frameworks @loader_path/Frameworks";
				PRODUCT_BUNDLE_IDENTIFIER = com.lee.UIViewExample2UITests;
				PRODUCT_NAME = "$(TARGET_NAME)";
				TEST_TARGET_NAME = UIViewExample2;
			};
			name = Debug;
		};
		416A0F1C1CF42159005BC893 /* Release */ = {
			isa = XCBuildConfiguration;
			buildSettings = {
				INFOPLIST_FILE = UIViewExample2UITests/Info.plist;
				LD_RUNPATH_SEARCH_PATHS = "$(inherited) @executable_path/Frameworks @loader_path/Frameworks";
				PRODUCT_BUNDLE_IDENTIFIER = com.lee.UIViewExample2UITests;
				PRODUCT_NAME = "$(TARGET_NAME)";
				TEST_TARGET_NAME = UIViewExample2;
			};
			name = Release;
		};
/* End XCBuildConfiguration section */

/* Begin XCConfigurationList section */
		416A0EE21CF42159005BC893 /* Build configuration list for PBXProject "UIViewExample2" */ = {
			isa = XCConfigurationList;
			buildConfigurations = (
				416A0F121CF42159005BC893 /* Debug */,
				416A0F131CF42159005BC893 /* Release */,
			);
			defaultConfigurationIsVisible = 0;
			defaultConfigurationName = Release;
		};
		416A0F141CF42159005BC893 /* Build configuration list for PBXNativeTarget "UIViewExample2" */ = {
			isa = XCConfigurationList;
			buildConfigurations = (
				416A0F151CF42159005BC893 /* Debug */,
				416A0F161CF42159005BC893 /* Release */,
			);
			defaultConfigurationIsVisible = 0;
		};
		416A0F171CF42159005BC893 /* Build configuration list for PBXNativeTarget "UIViewExample2Tests" */ = {
			isa = XCConfigurationList;
			buildConfigurations = (
				416A0F181CF42159005BC893 /* Debug */,
				416A0F191CF42159005BC893 /* Release */,
			);
			defaultConfigurationIsVisible = 0;
		};
		416A0F1A1CF42159005BC893 /* Build configuration list for PBXNativeTarget "UIViewExample2UITests" */ = {
			isa = XCConfigurationList;
			buildConfigurations = (
				416A0F1B1CF42159005BC893 /* Debug */,
				416A0F1C1CF42159005BC893 /* Release */,
			);
			defaultConfigurationIsVisible = 0;
		};
/* End XCConfigurationList section */
	};
	rootObject = 416A0EDF1CF42159005BC893 /* Project object */;
}
